
Microsoft Visual Studio Solution File, Format Version 12.00
# Visual Studio Version 17
VisualStudioVersion = 17.13.35818.85 d17.13
MinimumVisualStudioVersion = 10.0.40219.1
Project("{FAE04EC0-301F-11D3-BF4B-00C04F79EFBC}") = "WinFormsApp2", "WinFormsApp2\WinFormsApp2.csproj", "{6A135B81-66A5-4B16-B4ED-165387BD8E78}"
EndProject
Global
	GlobalSection(SolutionConfigurationPlatforms) = preSolution
		Debug|Any CPU = Debug|Any CPU
		Release|Any CPU = Release|Any CPU
	EndGlobalSection
	GlobalSection(ProjectConfigurationPlatforms) = postSolution
		{6A135B81-66A5-4B16-B4ED-165387BD8E78}.Debug|Any CPU.ActiveCfg = Debug|Any CPU
		{6A135B81-66A5-4B16-B4ED-165387BD8E78}.Debug|Any CPU.Build.0 = Debug|Any CPU
		{6A135B81-66A5-4B16-B4ED-165387BD8E78}.Release|Any CPU.ActiveCfg = Release|Any CPU
		{6A135B81-66A5-4B16-B4ED-165387BD8E78}.Release|Any CPU.Build.0 = Release|Any CPU
	EndGlobalSection
	GlobalSection(SolutionProperties) = preSolution
		HideSolutionNode = FALSE
	EndGlobalSection
	GlobalSection(ExtensibilityGlobals) = postSolution
		SolutionGuid = {1C438CC4-375C-466B-A37E-500253F50935}
	EndGlobalSection
EndGlobal
